
Microsoft Visual Studio Solution File, Format Version 12.00
# Visual Studio Version 17
VisualStudioVersion = 17.5.33530.505
MinimumVisualStudioVersion = 10.0.40219.1
Project("{2150E333-8FDC-42A3-9474-1A3956D46DE8}") = "src", "src", "{55D0F2D7-B069-4B62-8D76-99952D9F91DB}"
EndProject
Project("{9A19103F-16F7-4668-BE54-9A1E7A4F7556}") = "Pizzaaa.UI.Blazor", "src\Pizzaaa.UI.Blazor\Pizzaaa.UI.Blazor.csproj", "{71716858-A3EB-40D7-9F2F-76B065B86E30}"
EndProject
Project("{2150E333-8FDC-42A3-9474-1A3956D46DE8}") = "test", "test", "{8AE1F973-AA7C-41E8-943F-ABBE4CB060B9}"
EndProject
Project("{9A19103F-16F7-4668-BE54-9A1E7A4F7556}") = "Pizzaaa.Persistance", "src\Pizzaaa.Persistance\Pizzaaa.Persistance.csproj", "{5826D8E8-3CA6-4664-8884-692E588F0358}"
EndProject
Project("{9A19103F-16F7-4668-BE54-9A1E7A4F7556}") = "Pizzaaa.BLL", "src\Pizzaaa.BLL\Pizzaaa.BLL.csproj", "{13D75A8C-0185-4C35-923D-8996AAA69CBB}"
EndProject
Project("{9A19103F-16F7-4668-BE54-9A1E7A4F7556}") = "Pizzaaa.Persistance.Test", "test\Pizzaaa.Persistance.Test\Pizzaaa.Persistance.Test.csproj", "{F0FAF452-3EFC-46E5-A11B-63AFF7CA5191}"
EndProject
Project("{9A19103F-16F7-4668-BE54-9A1E7A4F7556}") = "Pizzaaa.IntegrationTest", "test\Pizzaaa.IntegrationTest\Pizzaaa.IntegrationTest.csproj", "{6997F832-0CC8-4D36-974F-F2DDF7B03BEE}"
EndProject
Project("{2150E333-8FDC-42A3-9474-1A3956D46DE8}") = "resources", "resources", "{B0E34671-772A-40BA-B002-6C27EC4F308C}"
	ProjectSection(SolutionItems) = preProject
		Dockerfile = Dockerfile
		resources\Pizzas.json = resources\Pizzas.json
		.github\workflows\publish-ghcr.yml = .github\workflows\publish-ghcr.yml
		README.md = README.md
	EndProjectSection
EndProject
Project("{9A19103F-16F7-4668-BE54-9A1E7A4F7556}") = "Pizzaaa.UI.Blazor.Test", "test\Pizzaaa.UI.Blazor.Test\Pizzaaa.UI.Blazor.Test.csproj", "{A910E75A-BB7D-432D-A98D-964726AF42A0}"
EndProject
Project("{9A19103F-16F7-4668-BE54-9A1E7A4F7556}") = "Pizzaaa.Playwright", "test\Pizzaaa.Playwright\Pizzaaa.Playwright.csproj", "{789C7ED2-6AFC-43A2-8D6D-CA8C00E2CCAF}"
EndProject
Global
	GlobalSection(SolutionConfigurationPlatforms) = preSolution
		Debug|Any CPU = Debug|Any CPU
		Release|Any CPU = Release|Any CPU
	EndGlobalSection
	GlobalSection(ProjectConfigurationPlatforms) = postSolution
		{71716858-A3EB-40D7-9F2F-76B065B86E30}.Debug|Any CPU.ActiveCfg = Debug|Any CPU
		{71716858-A3EB-40D7-9F2F-76B065B86E30}.Debug|Any CPU.Build.0 = Debug|Any CPU
		{71716858-A3EB-40D7-9F2F-76B065B86E30}.Release|Any CPU.ActiveCfg = Release|Any CPU
		{71716858-A3EB-40D7-9F2F-76B065B86E30}.Release|Any CPU.Build.0 = Release|Any CPU
		{5826D8E8-3CA6-4664-8884-692E588F0358}.Debug|Any CPU.ActiveCfg = Debug|Any CPU
		{5826D8E8-3CA6-4664-8884-692E588F0358}.Debug|Any CPU.Build.0 = Debug|Any CPU
		{5826D8E8-3CA6-4664-8884-692E588F0358}.Release|Any CPU.ActiveCfg = Release|Any CPU
		{5826D8E8-3CA6-4664-8884-692E588F0358}.Release|Any CPU.Build.0 = Release|Any CPU
		{13D75A8C-0185-4C35-923D-8996AAA69CBB}.Debug|Any CPU.ActiveCfg = Debug|Any CPU
		{13D75A8C-0185-4C35-923D-8996AAA69CBB}.Debug|Any CPU.Build.0 = Debug|Any CPU
		{13D75A8C-0185-4C35-923D-8996AAA69CBB}.Release|Any CPU.ActiveCfg = Release|Any CPU
		{13D75A8C-0185-4C35-923D-8996AAA69CBB}.Release|Any CPU.Build.0 = Release|Any CPU
		{F0FAF452-3EFC-46E5-A11B-63AFF7CA5191}.Debug|Any CPU.ActiveCfg = Debug|Any CPU
		{F0FAF452-3EFC-46E5-A11B-63AFF7CA5191}.Debug|Any CPU.Build.0 = Debug|Any CPU
		{F0FAF452-3EFC-46E5-A11B-63AFF7CA5191}.Release|Any CPU.ActiveCfg = Release|Any CPU
		{F0FAF452-3EFC-46E5-A11B-63AFF7CA5191}.Release|Any CPU.Build.0 = Release|Any CPU
		{6997F832-0CC8-4D36-974F-F2DDF7B03BEE}.Debug|Any CPU.ActiveCfg = Debug|Any CPU
		{6997F832-0CC8-4D36-974F-F2DDF7B03BEE}.Debug|Any CPU.Build.0 = Debug|Any CPU
		{6997F832-0CC8-4D36-974F-F2DDF7B03BEE}.Release|Any CPU.ActiveCfg = Release|Any CPU
		{6997F832-0CC8-4D36-974F-F2DDF7B03BEE}.Release|Any CPU.Build.0 = Release|Any CPU
		{A910E75A-BB7D-432D-A98D-964726AF42A0}.Debug|Any CPU.ActiveCfg = Debug|Any CPU
		{A910E75A-BB7D-432D-A98D-964726AF42A0}.Debug|Any CPU.Build.0 = Debug|Any CPU
		{A910E75A-BB7D-432D-A98D-964726AF42A0}.Release|Any CPU.ActiveCfg = Release|Any CPU
		{A910E75A-BB7D-432D-A98D-964726AF42A0}.Release|Any CPU.Build.0 = Release|Any CPU
		{789C7ED2-6AFC-43A2-8D6D-CA8C00E2CCAF}.Debug|Any CPU.ActiveCfg = Debug|Any CPU
		{789C7ED2-6AFC-43A2-8D6D-CA8C00E2CCAF}.Debug|Any CPU.Build.0 = Debug|Any CPU
		{789C7ED2-6AFC-43A2-8D6D-CA8C00E2CCAF}.Release|Any CPU.ActiveCfg = Release|Any CPU
		{789C7ED2-6AFC-43A2-8D6D-CA8C00E2CCAF}.Release|Any CPU.Build.0 = Release|Any CPU
	EndGlobalSection
	GlobalSection(SolutionProperties) = preSolution
		HideSolutionNode = FALSE
	EndGlobalSection
	GlobalSection(NestedProjects) = preSolution
		{71716858-A3EB-40D7-9F2F-76B065B86E30} = {55D0F2D7-B069-4B62-8D76-99952D9F91DB}
		{5826D8E8-3CA6-4664-8884-692E588F0358} = {55D0F2D7-B069-4B62-8D76-99952D9F91DB}
		{13D75A8C-0185-4C35-923D-8996AAA69CBB} = {55D0F2D7-B069-4B62-8D76-99952D9F91DB}
		{F0FAF452-3EFC-46E5-A11B-63AFF7CA5191} = {8AE1F973-AA7C-41E8-943F-ABBE4CB060B9}
		{6997F832-0CC8-4D36-974F-F2DDF7B03BEE} = {8AE1F973-AA7C-41E8-943F-ABBE4CB060B9}
		{A910E75A-BB7D-432D-A98D-964726AF42A0} = {8AE1F973-AA7C-41E8-943F-ABBE4CB060B9}
		{789C7ED2-6AFC-43A2-8D6D-CA8C00E2CCAF} = {8AE1F973-AA7C-41E8-943F-ABBE4CB060B9}
	EndGlobalSection
	GlobalSection(ExtensibilityGlobals) = postSolution
		SolutionGuid = {B60EBAFF-77C1-46D1-8F5A-9CDBC5ECD94B}
	EndGlobalSection
EndGlobal
